<?xml version="1.0" encoding="utf-8"?>
<Project ToolsVersion="4.0" xmlns="http://schemas.microsoft.com/developer/msbuild/2003">
  <ItemGroup>
    <Filter Include="Source Files">
      <UniqueIdentifier>{4FC737F1-C7A5-4376-A066-2A32D752A2FF}</UniqueIdentifier>
      <Extensions>cpp;c;cc;cxx;c++;cppm;ixx;def;odl;idl;hpj;bat;asm;asmx</Extensions>
    </Filter>
    <Filter Include="Header Files">
      <UniqueIdentifier>{93995380-89BD-4b04-88EB-625FBE52EBFB}</UniqueIdentifier>
      <Extensions>h;hh;hpp;hxx;h++;hm;inl;inc;ipp;xsd</Extensions>
    </Filter>
    <Filter Include="Source Files\Utils">
      <UniqueIdentifier>{076fe965-a00b-4603-9bf1-8aea63cbddff}</UniqueIdentifier>
    </Filter>
    <Filter Include="Source Files\Types">
      <UniqueIdentifier>{6ab2ace6-06da-4436-9297-69c958b9771f}</UniqueIdentifier>
    </Filter>
    <Filter Include="Header Files\Types">
      <UniqueIdentifier>{9280186e-ae55-4839-a1d5-6e9a6742024a}</UniqueIdentifier>
    </Filter>
    <Filter Include="Header Files\Core">
      <UniqueIdentifier>{b83cdd6e-051c-4170-beed-aebf99abed53}</UniqueIdentifier>
    </Filter>
    <Filter Include="Source Files\Core">
      <UniqueIdentifier>{f7c4ec77-c254-41ec-86c0-45024b0d9ed4}</UniqueIdentifier>
    </Filter>
    <Filter Include="Header Files\UI">
      <UniqueIdentifier>{def8b51d-6821-4f42-a0e1-eae0588334db}</UniqueIdentifier>
    </Filter>
    <Filter Include="Source Files\UI">
      <UniqueIdentifier>{d80f05ed-73e7-4a0e-9412-8ed6bcfcee39}</UniqueIdentifier>
    </Filter>
    <Filter Include="Header Files\Engine">
      <UniqueIdentifier>{e4a36e71-baba-4bf7-94b3-2123d10d1547}</UniqueIdentifier>
    </Filter>
    <Filter Include="Source Files\Engine">
      <UniqueIdentifier>{4e6efcd5-eeb9-4e68-995f-94657b465c17}</UniqueIdentifier>
    </Filter>
  </ItemGroup>
  <ItemGroup>
    <ClCompile Include="main.cpp">
      <Filter>Source Files</Filter>
    </ClCompile>
    <ClCompile Include="Misc.cpp">
      <Filter>Source Files\Utils</Filter>
    </ClCompile>
    <ClCompile Include="Rays.cpp">
      <Filter>Source Files</Filter>
    </ClCompile>
    <ClCompile Include="Move.cpp">
      <Filter>Source Files</Filter>
    </ClCompile>
    <ClCompile Include="EMoveType.cpp">
      <Filter>Source Files\Types</Filter>
    </ClCompile>
    <ClCompile Include="MoveList.cpp">
      <Filter>Source Files</Filter>
    </ClCompile>
    <ClCompile Include="ESquare.cpp">
      <Filter>Source Files\Types</Filter>
    </ClCompile>
    <ClCompile Include="EFigure.cpp">
      <Filter>Source Files\Types</Filter>
    </ClCompile>
    <ClCompile Include="EColor.cpp">
      <Filter>Source Files\Types</Filter>
    </ClCompile>
    <ClCompile Include="Figure.cpp">
      <Filter>Source Files\Core</Filter>
    </ClCompile>
    <ClCompile Include="Board.cpp">
      <Filter>Source Files\Core</Filter>
    </ClCompile>
    <ClCompile Include="Player.cpp">
      <Filter>Source Files\Core</Filter>
    </ClCompile>
    <ClCompile Include="Game.cpp">
      <Filter>Source Files\Core</Filter>
    </ClCompile>
    <ClCompile Include="CLI.cpp">
      <Filter>Source Files\UI</Filter>
    </ClCompile>
    <ClCompile Include="Search.cpp">
      <Filter>Source Files\Engine</Filter>
    </ClCompile>
    <ClCompile Include="Evaluate.cpp">
      <Filter>Source Files\Engine</Filter>
    </ClCompile>
    <ClCompile Include="Transposition.cpp">
      <Filter>Source Files\Engine</Filter>
    </ClCompile>
  </ItemGroup>
  <ItemGroup>
    <ClInclude Include="Constants.h">
      <Filter>Header Files</Filter>
    </ClInclude>
    <ClInclude Include="Misc.h">
      <Filter>Source Files\Utils</Filter>
    </ClInclude>
    <ClInclude Include="Rays.h">
      <Filter>Header Files</Filter>
    </ClInclude>
    <ClInclude Include="Move.h">
      <Filter>Header Files</Filter>
    </ClInclude>
    <ClInclude Include="EColor.h">
      <Filter>Header Files\Types</Filter>
    </ClInclude>
    <ClInclude Include="EMoveType.h">
      <Filter>Header Files\Types</Filter>
    </ClInclude>
    <ClInclude Include="EDirection.h">
      <Filter>Header Files\Types</Filter>
    </ClInclude>
    <ClInclude Include="EFigure.h">
      <Filter>Header Files\Types</Filter>
    </ClInclude>
    <ClInclude Include="ESquare.h">
      <Filter>Header Files\Types</Filter>
    </ClInclude>
    <ClInclude Include="MoveList.h">
      <Filter>Header Files</Filter>
    </ClInclude>
    <ClInclude Include="Board.h">
      <Filter>Header Files\Core</Filter>
    </ClInclude>
    <ClInclude Include="Figure.h">
      <Filter>Header Files\Core</Filter>
    </ClInclude>
    <ClInclude Include="Player.h">
      <Filter>Header Files\Core</Filter>
    </ClInclude>
    <ClInclude Include="EGamePhase.h">
      <Filter>Header Files\Types</Filter>
    </ClInclude>
    <ClInclude Include="Game.h">
      <Filter>Header Files\Core</Filter>
    </ClInclude>
    <ClInclude Include="CLI.h">
      <Filter>Header Files\UI</Filter>
    </ClInclude>
    <ClInclude Include="Search.h">
      <Filter>Header Files\Engine</Filter>
    </ClInclude>
    <ClInclude Include="Evaluate.h">
      <Filter>Header Files\Engine</Filter>
    </ClInclude>
    <ClInclude Include="Transposition.h">
      <Filter>Header Files\Engine</Filter>
    </ClInclude>
  </ItemGroup>
</Project>